
Microsoft Visual Studio Solution File, Format Version 12.00
# Visual Studio Version 16
VisualStudioVersion = 16.0.34031.81
MinimumVisualStudioVersion = 10.0.40219.1
Project("{2150E333-8FDC-42A3-9474-1A3956D46DE8}") = "Task0", "Task0", "{B4083E59-7EBD-4048-B50E-821B5E49775B}"
EndProject
Project("{FAE04EC0-301F-11D3-BF4B-00C04F79EFBC}") = "Tyuiu.GoginMA.Sprint4.Task0.V2", "Tyuiu.GoginMA.Sprint4.Task0.V2\Tyuiu.GoginMA.Sprint4.Task0.V2.csproj", "{C82FC879-C743-4A49-911A-C144B4AE9958}"
EndProject
Project("{FAE04EC0-301F-11D3-BF4B-00C04F79EFBC}") = "Tyuiu.GoginMA.Sprint4.Task0.V2.Lib", "Tyuiu.GoginMA.Sprint4.Task0.V2.Lib\Tyuiu.GoginMA.Sprint4.Task0.V2.Lib.csproj", "{5F04BC57-B445-47CF-B76D-BD570CA0B64C}"
EndProject
Project("{FAE04EC0-301F-11D3-BF4B-00C04F79EFBC}") = "Tyuiu.GoginMA.Sprint4.Task0.V2.Test", "Tyuiu.GoginMA.Sprint4.Task0.V2.Test\Tyuiu.GoginMA.Sprint4.Task0.V2.Test.csproj", "{82508655-80D9-4EE5-B23D-6CCD41BDFB6D}"
EndProject
Project("{2150E333-8FDC-42A3-9474-1A3956D46DE8}") = "Task1", "Task1", "{1302C8C4-ACE7-454D-B4AE-7E82A805BADC}"
EndProject
Project("{FAE04EC0-301F-11D3-BF4B-00C04F79EFBC}") = "Tyuiu.GoginMA.Sprint4.Task1.V6", "Tyuiu.GoginMA.Sprint4.Task1.V6\Tyuiu.GoginMA.Sprint4.Task1.V6.csproj", "{74D514FD-1D71-4971-A8C5-06A8AE5E6B50}"
EndProject
Project("{FAE04EC0-301F-11D3-BF4B-00C04F79EFBC}") = "Tyuiu.GoginMA.Sprint4.Task1.V6.Lib", "Tyuiu.GoginMA.Sprint4.Task1.V6.Lib\Tyuiu.GoginMA.Sprint4.Task1.V6.Lib.csproj", "{3F1856A9-CBAC-4677-B64E-168C94A3ADA6}"
EndProject
Project("{FAE04EC0-301F-11D3-BF4B-00C04F79EFBC}") = "Tyuiu.GoginMA.Sprint4.Task1.V6.Test", "Tyuiu.GoginMA.Sprint4.Task1.V6.Test\Tyuiu.GoginMA.Sprint4.Task1.V6.Test.csproj", "{F7D24452-026A-454D-9E38-A8EA9AE2C47F}"
EndProject
Global
	GlobalSection(SolutionConfigurationPlatforms) = preSolution
		Debug|Any CPU = Debug|Any CPU
		Release|Any CPU = Release|Any CPU
	EndGlobalSection
	GlobalSection(ProjectConfigurationPlatforms) = postSolution
		{C82FC879-C743-4A49-911A-C144B4AE9958}.Debug|Any CPU.ActiveCfg = Debug|Any CPU
		{C82FC879-C743-4A49-911A-C144B4AE9958}.Debug|Any CPU.Build.0 = Debug|Any CPU
		{C82FC879-C743-4A49-911A-C144B4AE9958}.Release|Any CPU.ActiveCfg = Release|Any CPU
		{C82FC879-C743-4A49-911A-C144B4AE9958}.Release|Any CPU.Build.0 = Release|Any CPU
		{5F04BC57-B445-47CF-B76D-BD570CA0B64C}.Debug|Any CPU.ActiveCfg = Debug|Any CPU
		{5F04BC57-B445-47CF-B76D-BD570CA0B64C}.Debug|Any CPU.Build.0 = Debug|Any CPU
		{5F04BC57-B445-47CF-B76D-BD570CA0B64C}.Release|Any CPU.ActiveCfg = Release|Any CPU
		{5F04BC57-B445-47CF-B76D-BD570CA0B64C}.Release|Any CPU.Build.0 = Release|Any CPU
		{82508655-80D9-4EE5-B23D-6CCD41BDFB6D}.Debug|Any CPU.ActiveCfg = Debug|Any CPU
		{82508655-80D9-4EE5-B23D-6CCD41BDFB6D}.Debug|Any CPU.Build.0 = Debug|Any CPU
		{82508655-80D9-4EE5-B23D-6CCD41BDFB6D}.Release|Any CPU.ActiveCfg = Release|Any CPU
		{82508655-80D9-4EE5-B23D-6CCD41BDFB6D}.Release|Any CPU.Build.0 = Release|Any CPU
		{74D514FD-1D71-4971-A8C5-06A8AE5E6B50}.Debug|Any CPU.ActiveCfg = Debug|Any CPU
		{74D514FD-1D71-4971-A8C5-06A8AE5E6B50}.Debug|Any CPU.Build.0 = Debug|Any CPU
		{74D514FD-1D71-4971-A8C5-06A8AE5E6B50}.Release|Any CPU.ActiveCfg = Release|Any CPU
		{74D514FD-1D71-4971-A8C5-06A8AE5E6B50}.Release|Any CPU.Build.0 = Release|Any CPU
		{3F1856A9-CBAC-4677-B64E-168C94A3ADA6}.Debug|Any CPU.ActiveCfg = Debug|Any CPU
		{3F1856A9-CBAC-4677-B64E-168C94A3ADA6}.Debug|Any CPU.Build.0 = Debug|Any CPU
		{3F1856A9-CBAC-4677-B64E-168C94A3ADA6}.Release|Any CPU.ActiveCfg = Release|Any CPU
		{3F1856A9-CBAC-4677-B64E-168C94A3ADA6}.Release|Any CPU.Build.0 = Release|Any CPU
		{F7D24452-026A-454D-9E38-A8EA9AE2C47F}.Debug|Any CPU.ActiveCfg = Debug|Any CPU
		{F7D24452-026A-454D-9E38-A8EA9AE2C47F}.Debug|Any CPU.Build.0 = Debug|Any CPU
		{F7D24452-026A-454D-9E38-A8EA9AE2C47F}.Release|Any CPU.ActiveCfg = Release|Any CPU
		{F7D24452-026A-454D-9E38-A8EA9AE2C47F}.Release|Any CPU.Build.0 = Release|Any CPU
	EndGlobalSection
	GlobalSection(SolutionProperties) = preSolution
		HideSolutionNode = FALSE
	EndGlobalSection
	GlobalSection(NestedProjects) = preSolution
		{C82FC879-C743-4A49-911A-C144B4AE9958} = {B4083E59-7EBD-4048-B50E-821B5E49775B}
		{5F04BC57-B445-47CF-B76D-BD570CA0B64C} = {B4083E59-7EBD-4048-B50E-821B5E49775B}
		{82508655-80D9-4EE5-B23D-6CCD41BDFB6D} = {B4083E59-7EBD-4048-B50E-821B5E49775B}
		{74D514FD-1D71-4971-A8C5-06A8AE5E6B50} = {1302C8C4-ACE7-454D-B4AE-7E82A805BADC}
		{3F1856A9-CBAC-4677-B64E-168C94A3ADA6} = {1302C8C4-ACE7-454D-B4AE-7E82A805BADC}
		{F7D24452-026A-454D-9E38-A8EA9AE2C47F} = {1302C8C4-ACE7-454D-B4AE-7E82A805BADC}
	EndGlobalSection
	GlobalSection(ExtensibilityGlobals) = postSolution
		SolutionGuid = {3D5B149B-4D71-4279-BD14-563E8EC28319}
	EndGlobalSection
EndGlobal
