
Microsoft Visual Studio Solution File, Format Version 12.00
# Visual Studio Version 16
VisualStudioVersion = 16.0.34031.81
MinimumVisualStudioVersion = 10.0.40219.1
Project("{2150E333-8FDC-42A3-9474-1A3956D46DE8}") = "Task0", "Task0", "{B4083E59-7EBD-4048-B50E-821B5E49775B}"
EndProject
Project("{FAE04EC0-301F-11D3-BF4B-00C04F79EFBC}") = "Tyuiu.GoginMA.Sprint4.Task0.V2", "Tyuiu.GoginMA.Sprint4.Task0.V2\Tyuiu.GoginMA.Sprint4.Task0.V2.csproj", "{C82FC879-C743-4A49-911A-C144B4AE9958}"
EndProject
Project("{FAE04EC0-301F-11D3-BF4B-00C04F79EFBC}") = "Tyuiu.GoginMA.Sprint4.Task0.V2.Lib", "Tyuiu.GoginMA.Sprint4.Task0.V2.Lib\Tyuiu.GoginMA.Sprint4.Task0.V2.Lib.csproj", "{5F04BC57-B445-47CF-B76D-BD570CA0B64C}"
EndProject
Project("{FAE04EC0-301F-11D3-BF4B-00C04F79EFBC}") = "Tyuiu.GoginMA.Sprint4.Task0.V2.Test", "Tyuiu.GoginMA.Sprint4.Task0.V2.Test\Tyuiu.GoginMA.Sprint4.Task0.V2.Test.csproj", "{82508655-80D9-4EE5-B23D-6CCD41BDFB6D}"
EndProject
Project("{2150E333-8FDC-42A3-9474-1A3956D46DE8}") = "Task1", "Task1", "{1302C8C4-ACE7-454D-B4AE-7E82A805BADC}"
EndProject
Project("{FAE04EC0-301F-11D3-BF4B-00C04F79EFBC}") = "Tyuiu.GoginMA.Sprint4.Task1.V6", "Tyuiu.GoginMA.Sprint4.Task1.V6\Tyuiu.GoginMA.Sprint4.Task1.V6.csproj", "{74D514FD-1D71-4971-A8C5-06A8AE5E6B50}"
EndProject
Project("{FAE04EC0-301F-11D3-BF4B-00C04F79EFBC}") = "Tyuiu.GoginMA.Sprint4.Task1.V6.Lib", "Tyuiu.GoginMA.Sprint4.Task1.V6.Lib\Tyuiu.GoginMA.Sprint4.Task1.V6.Lib.csproj", "{3F1856A9-CBAC-4677-B64E-168C94A3ADA6}"
EndProject
Project("{FAE04EC0-301F-11D3-BF4B-00C04F79EFBC}") = "Tyuiu.GoginMA.Sprint4.Task1.V6.Test", "Tyuiu.GoginMA.Sprint4.Task1.V6.Test\Tyuiu.GoginMA.Sprint4.Task1.V6.Test.csproj", "{F7D24452-026A-454D-9E38-A8EA9AE2C47F}"
EndProject
Project("{2150E333-8FDC-42A3-9474-1A3956D46DE8}") = "Task2", "Task2", "{6674908E-A338-4AD6-8948-43EF6BAB06A9}"
EndProject
Project("{FAE04EC0-301F-11D3-BF4B-00C04F79EFBC}") = "Tyuiu.GoginMA.Sprint4.Task2.V30", "Tyuiu.GoginMA.Sprint4.Task2.V30\Tyuiu.GoginMA.Sprint4.Task2.V30.csproj", "{2FDCA04F-30A9-4D92-BE32-9031B65E62BD}"
EndProject
Project("{FAE04EC0-301F-11D3-BF4B-00C04F79EFBC}") = "Tyuiu.GoginMA.Sprint4.Task2.V30.Lib", "Tyuiu.GoginMA.Sprint4.Task2.V30.Lib\Tyuiu.GoginMA.Sprint4.Task2.V30.Lib.csproj", "{0322D1A5-77BD-4326-AB61-0E68C40E46F3}"
EndProject
Project("{FAE04EC0-301F-11D3-BF4B-00C04F79EFBC}") = "Tyuiu.GoginMA.Sprint4.Task2.V30.Test", "Tyuiu.GoginMA.Sprint4.Task2.V30.Test\Tyuiu.GoginMA.Sprint4.Task2.V30.Test.csproj", "{63671D91-8624-42E6-B860-E14CA809740E}"
EndProject
Project("{2150E333-8FDC-42A3-9474-1A3956D46DE8}") = "Task3", "Task3", "{97507C72-77B6-4A13-BA90-C25E69ACBE56}"
EndProject
Project("{FAE04EC0-301F-11D3-BF4B-00C04F79EFBC}") = "Tyuiu.GoginMA.Sprint4.Task3.V20", "Tyuiu.GoginMA.Sprint4.Task3.V20\Tyuiu.GoginMA.Sprint4.Task3.V20.csproj", "{D7682414-20CC-4AFA-A01D-8268E1115773}"
EndProject
Project("{FAE04EC0-301F-11D3-BF4B-00C04F79EFBC}") = "Tyuiu.GoginMA.Sprint4.Task3.V20.Lib", "Tyuiu.GoginMA.Sprint4.Task3.V20.Lib\Tyuiu.GoginMA.Sprint4.Task3.V20.Lib.csproj", "{BB6C27CF-CF6C-414C-A419-A5D46812984B}"
EndProject
Project("{FAE04EC0-301F-11D3-BF4B-00C04F79EFBC}") = "Tyuiu.GoginMA.Sprint4.Task3.V20.Test", "Tyuiu.GoginMA.Sprint4.Task3.V20.Test\Tyuiu.GoginMA.Sprint4.Task3.V20.Test.csproj", "{0C18218E-C185-4A36-A69F-4076E373A044}"
EndProject
Project("{2150E333-8FDC-42A3-9474-1A3956D46DE8}") = "Task4", "Task4", "{8EA36547-A1C6-412B-9EA2-FC6AD0DCFD5F}"
EndProject
Project("{FAE04EC0-301F-11D3-BF4B-00C04F79EFBC}") = "Tyuiu.GoginMA.Sprint4.Task4.V8", "Tyuiu.GoginMA.Sprint4.Task4.V8\Tyuiu.GoginMA.Sprint4.Task4.V8.csproj", "{1AFE8FA0-2D51-414D-8F6A-B7B7715A70CF}"
EndProject
Project("{FAE04EC0-301F-11D3-BF4B-00C04F79EFBC}") = "Tyuiu.GoginMA.Sprint4.Task4.V8.Lib", "Tyuiu.GoginMA.Sprint4.Task4.V8.Lib\Tyuiu.GoginMA.Sprint4.Task4.V8.Lib.csproj", "{99B46CD5-83C0-4DBB-B96E-6E9C4F25D751}"
EndProject
Project("{FAE04EC0-301F-11D3-BF4B-00C04F79EFBC}") = "Tyuiu.GoginMA.Sprint4.Task4.V8.Test", "Tyuiu.GoginMA.Sprint4.Task4.V8.Test\Tyuiu.GoginMA.Sprint4.Task4.V8.Test.csproj", "{D3D4AD00-E817-4CA2-A2A3-98EDA67031E2}"
EndProject
Project("{2150E333-8FDC-42A3-9474-1A3956D46DE8}") = "Task5", "Task5", "{1DD2F3C4-83D8-4F58-8329-6C30C6378F3A}"
EndProject
Project("{FAE04EC0-301F-11D3-BF4B-00C04F79EFBC}") = "Tyuiu.GoginMA.Sprint4.Task5.V28", "Tyuiu.GoginMA.Sprint4.Task5.V28\Tyuiu.GoginMA.Sprint4.Task5.V28.csproj", "{27BA2980-6100-4D56-BCF5-1CCCE9A63E27}"
EndProject
Project("{FAE04EC0-301F-11D3-BF4B-00C04F79EFBC}") = "Tyuiu.GoginMA.Sprint4.Task5.V28.Lib", "Tyuiu.GoginMA.Sprint4.Task5.V28.Lib\Tyuiu.GoginMA.Sprint4.Task5.V28.Lib.csproj", "{9EF07757-C253-4B86-BE54-5447A906D0DD}"
EndProject
Project("{FAE04EC0-301F-11D3-BF4B-00C04F79EFBC}") = "Tyuiu.GoginMA.Sprint4.Task5.V28.Test", "Tyuiu.GoginMA.Sprint4.Task5.V28.Test\Tyuiu.GoginMA.Sprint4.Task5.V28.Test.csproj", "{3F60C448-9986-46D8-8BAA-2F325345BC55}"
EndProject
Project("{2150E333-8FDC-42A3-9474-1A3956D46DE8}") = "Task6", "Task6", "{BA650815-1F8B-476E-8F06-4987188F76E5}"
EndProject
Project("{FAE04EC0-301F-11D3-BF4B-00C04F79EFBC}") = "Tyuiu.GoginMA.Sprint4.Task6.V14", "Tyuiu.GoginMA.Sprint4.Task6.V14\Tyuiu.GoginMA.Sprint4.Task6.V14.csproj", "{DD901452-CD4A-4470-A8EA-BCBF307A43EB}"
EndProject
Project("{FAE04EC0-301F-11D3-BF4B-00C04F79EFBC}") = "Tyuiu.GoginMA.Sprint4.Task6.V14.Lib", "Tyuiu.GoginMA.Sprint4.Task6.V14.Lib\Tyuiu.GoginMA.Sprint4.Task6.V14.Lib.csproj", "{79A53ECE-3E15-4060-A4EC-F63FF6262BD8}"
EndProject
Project("{FAE04EC0-301F-11D3-BF4B-00C04F79EFBC}") = "Tyuiu.GoginMA.Sprint4.Task6.V14.Test", "Tyuiu.GoginMA.Sprint4.Task6.V14.Test\Tyuiu.GoginMA.Sprint4.Task6.V14.Test.csproj", "{C672BE4C-AB8E-468C-B213-EA7015A01D6C}"
EndProject
Global
	GlobalSection(SolutionConfigurationPlatforms) = preSolution
		Debug|Any CPU = Debug|Any CPU
		Release|Any CPU = Release|Any CPU
	EndGlobalSection
	GlobalSection(ProjectConfigurationPlatforms) = postSolution
		{C82FC879-C743-4A49-911A-C144B4AE9958}.Debug|Any CPU.ActiveCfg = Debug|Any CPU
		{C82FC879-C743-4A49-911A-C144B4AE9958}.Debug|Any CPU.Build.0 = Debug|Any CPU
		{C82FC879-C743-4A49-911A-C144B4AE9958}.Release|Any CPU.ActiveCfg = Release|Any CPU
		{C82FC879-C743-4A49-911A-C144B4AE9958}.Release|Any CPU.Build.0 = Release|Any CPU
		{5F04BC57-B445-47CF-B76D-BD570CA0B64C}.Debug|Any CPU.ActiveCfg = Debug|Any CPU
		{5F04BC57-B445-47CF-B76D-BD570CA0B64C}.Debug|Any CPU.Build.0 = Debug|Any CPU
		{5F04BC57-B445-47CF-B76D-BD570CA0B64C}.Release|Any CPU.ActiveCfg = Release|Any CPU
		{5F04BC57-B445-47CF-B76D-BD570CA0B64C}.Release|Any CPU.Build.0 = Release|Any CPU
		{82508655-80D9-4EE5-B23D-6CCD41BDFB6D}.Debug|Any CPU.ActiveCfg = Debug|Any CPU
		{82508655-80D9-4EE5-B23D-6CCD41BDFB6D}.Debug|Any CPU.Build.0 = Debug|Any CPU
		{82508655-80D9-4EE5-B23D-6CCD41BDFB6D}.Release|Any CPU.ActiveCfg = Release|Any CPU
		{82508655-80D9-4EE5-B23D-6CCD41BDFB6D}.Release|Any CPU.Build.0 = Release|Any CPU
		{74D514FD-1D71-4971-A8C5-06A8AE5E6B50}.Debug|Any CPU.ActiveCfg = Debug|Any CPU
		{74D514FD-1D71-4971-A8C5-06A8AE5E6B50}.Debug|Any CPU.Build.0 = Debug|Any CPU
		{74D514FD-1D71-4971-A8C5-06A8AE5E6B50}.Release|Any CPU.ActiveCfg = Release|Any CPU
		{74D514FD-1D71-4971-A8C5-06A8AE5E6B50}.Release|Any CPU.Build.0 = Release|Any CPU
		{3F1856A9-CBAC-4677-B64E-168C94A3ADA6}.Debug|Any CPU.ActiveCfg = Debug|Any CPU
		{3F1856A9-CBAC-4677-B64E-168C94A3ADA6}.Debug|Any CPU.Build.0 = Debug|Any CPU
		{3F1856A9-CBAC-4677-B64E-168C94A3ADA6}.Release|Any CPU.ActiveCfg = Release|Any CPU
		{3F1856A9-CBAC-4677-B64E-168C94A3ADA6}.Release|Any CPU.Build.0 = Release|Any CPU
		{F7D24452-026A-454D-9E38-A8EA9AE2C47F}.Debug|Any CPU.ActiveCfg = Debug|Any CPU
		{F7D24452-026A-454D-9E38-A8EA9AE2C47F}.Debug|Any CPU.Build.0 = Debug|Any CPU
		{F7D24452-026A-454D-9E38-A8EA9AE2C47F}.Release|Any CPU.ActiveCfg = Release|Any CPU
		{F7D24452-026A-454D-9E38-A8EA9AE2C47F}.Release|Any CPU.Build.0 = Release|Any CPU
		{2FDCA04F-30A9-4D92-BE32-9031B65E62BD}.Debug|Any CPU.ActiveCfg = Debug|Any CPU
		{2FDCA04F-30A9-4D92-BE32-9031B65E62BD}.Debug|Any CPU.Build.0 = Debug|Any CPU
		{2FDCA04F-30A9-4D92-BE32-9031B65E62BD}.Release|Any CPU.ActiveCfg = Release|Any CPU
		{2FDCA04F-30A9-4D92-BE32-9031B65E62BD}.Release|Any CPU.Build.0 = Release|Any CPU
		{0322D1A5-77BD-4326-AB61-0E68C40E46F3}.Debug|Any CPU.ActiveCfg = Debug|Any CPU
		{0322D1A5-77BD-4326-AB61-0E68C40E46F3}.Debug|Any CPU.Build.0 = Debug|Any CPU
		{0322D1A5-77BD-4326-AB61-0E68C40E46F3}.Release|Any CPU.ActiveCfg = Release|Any CPU
		{0322D1A5-77BD-4326-AB61-0E68C40E46F3}.Release|Any CPU.Build.0 = Release|Any CPU
		{63671D91-8624-42E6-B860-E14CA809740E}.Debug|Any CPU.ActiveCfg = Debug|Any CPU
		{63671D91-8624-42E6-B860-E14CA809740E}.Debug|Any CPU.Build.0 = Debug|Any CPU
		{63671D91-8624-42E6-B860-E14CA809740E}.Release|Any CPU.ActiveCfg = Release|Any CPU
		{63671D91-8624-42E6-B860-E14CA809740E}.Release|Any CPU.Build.0 = Release|Any CPU
		{D7682414-20CC-4AFA-A01D-8268E1115773}.Debug|Any CPU.ActiveCfg = Debug|Any CPU
		{D7682414-20CC-4AFA-A01D-8268E1115773}.Debug|Any CPU.Build.0 = Debug|Any CPU
		{D7682414-20CC-4AFA-A01D-8268E1115773}.Release|Any CPU.ActiveCfg = Release|Any CPU
		{D7682414-20CC-4AFA-A01D-8268E1115773}.Release|Any CPU.Build.0 = Release|Any CPU
		{BB6C27CF-CF6C-414C-A419-A5D46812984B}.Debug|Any CPU.ActiveCfg = Debug|Any CPU
		{BB6C27CF-CF6C-414C-A419-A5D46812984B}.Debug|Any CPU.Build.0 = Debug|Any CPU
		{BB6C27CF-CF6C-414C-A419-A5D46812984B}.Release|Any CPU.ActiveCfg = Release|Any CPU
		{BB6C27CF-CF6C-414C-A419-A5D46812984B}.Release|Any CPU.Build.0 = Release|Any CPU
		{0C18218E-C185-4A36-A69F-4076E373A044}.Debug|Any CPU.ActiveCfg = Debug|Any CPU
		{0C18218E-C185-4A36-A69F-4076E373A044}.Debug|Any CPU.Build.0 = Debug|Any CPU
		{0C18218E-C185-4A36-A69F-4076E373A044}.Release|Any CPU.ActiveCfg = Release|Any CPU
		{0C18218E-C185-4A36-A69F-4076E373A044}.Release|Any CPU.Build.0 = Release|Any CPU
		{1AFE8FA0-2D51-414D-8F6A-B7B7715A70CF}.Debug|Any CPU.ActiveCfg = Debug|Any CPU
		{1AFE8FA0-2D51-414D-8F6A-B7B7715A70CF}.Debug|Any CPU.Build.0 = Debug|Any CPU
		{1AFE8FA0-2D51-414D-8F6A-B7B7715A70CF}.Release|Any CPU.ActiveCfg = Release|Any CPU
		{1AFE8FA0-2D51-414D-8F6A-B7B7715A70CF}.Release|Any CPU.Build.0 = Release|Any CPU
		{99B46CD5-83C0-4DBB-B96E-6E9C4F25D751}.Debug|Any CPU.ActiveCfg = Debug|Any CPU
		{99B46CD5-83C0-4DBB-B96E-6E9C4F25D751}.Debug|Any CPU.Build.0 = Debug|Any CPU
		{99B46CD5-83C0-4DBB-B96E-6E9C4F25D751}.Release|Any CPU.ActiveCfg = Release|Any CPU
		{99B46CD5-83C0-4DBB-B96E-6E9C4F25D751}.Release|Any CPU.Build.0 = Release|Any CPU
		{D3D4AD00-E817-4CA2-A2A3-98EDA67031E2}.Debug|Any CPU.ActiveCfg = Debug|Any CPU
		{D3D4AD00-E817-4CA2-A2A3-98EDA67031E2}.Debug|Any CPU.Build.0 = Debug|Any CPU
		{D3D4AD00-E817-4CA2-A2A3-98EDA67031E2}.Release|Any CPU.ActiveCfg = Release|Any CPU
		{D3D4AD00-E817-4CA2-A2A3-98EDA67031E2}.Release|Any CPU.Build.0 = Release|Any CPU
		{27BA2980-6100-4D56-BCF5-1CCCE9A63E27}.Debug|Any CPU.ActiveCfg = Debug|Any CPU
		{27BA2980-6100-4D56-BCF5-1CCCE9A63E27}.Debug|Any CPU.Build.0 = Debug|Any CPU
		{27BA2980-6100-4D56-BCF5-1CCCE9A63E27}.Release|Any CPU.ActiveCfg = Release|Any CPU
		{27BA2980-6100-4D56-BCF5-1CCCE9A63E27}.Release|Any CPU.Build.0 = Release|Any CPU
		{9EF07757-C253-4B86-BE54-5447A906D0DD}.Debug|Any CPU.ActiveCfg = Debug|Any CPU
		{9EF07757-C253-4B86-BE54-5447A906D0DD}.Debug|Any CPU.Build.0 = Debug|Any CPU
		{9EF07757-C253-4B86-BE54-5447A906D0DD}.Release|Any CPU.ActiveCfg = Release|Any CPU
		{9EF07757-C253-4B86-BE54-5447A906D0DD}.Release|Any CPU.Build.0 = Release|Any CPU
		{3F60C448-9986-46D8-8BAA-2F325345BC55}.Debug|Any CPU.ActiveCfg = Debug|Any CPU
		{3F60C448-9986-46D8-8BAA-2F325345BC55}.Debug|Any CPU.Build.0 = Debug|Any CPU
		{3F60C448-9986-46D8-8BAA-2F325345BC55}.Release|Any CPU.ActiveCfg = Release|Any CPU
		{3F60C448-9986-46D8-8BAA-2F325345BC55}.Release|Any CPU.Build.0 = Release|Any CPU
		{DD901452-CD4A-4470-A8EA-BCBF307A43EB}.Debug|Any CPU.ActiveCfg = Debug|Any CPU
		{DD901452-CD4A-4470-A8EA-BCBF307A43EB}.Debug|Any CPU.Build.0 = Debug|Any CPU
		{DD901452-CD4A-4470-A8EA-BCBF307A43EB}.Release|Any CPU.ActiveCfg = Release|Any CPU
		{DD901452-CD4A-4470-A8EA-BCBF307A43EB}.Release|Any CPU.Build.0 = Release|Any CPU
		{79A53ECE-3E15-4060-A4EC-F63FF6262BD8}.Debug|Any CPU.ActiveCfg = Debug|Any CPU
		{79A53ECE-3E15-4060-A4EC-F63FF6262BD8}.Debug|Any CPU.Build.0 = Debug|Any CPU
		{79A53ECE-3E15-4060-A4EC-F63FF6262BD8}.Release|Any CPU.ActiveCfg = Release|Any CPU
		{79A53ECE-3E15-4060-A4EC-F63FF6262BD8}.Release|Any CPU.Build.0 = Release|Any CPU
		{C672BE4C-AB8E-468C-B213-EA7015A01D6C}.Debug|Any CPU.ActiveCfg = Debug|Any CPU
		{C672BE4C-AB8E-468C-B213-EA7015A01D6C}.Debug|Any CPU.Build.0 = Debug|Any CPU
		{C672BE4C-AB8E-468C-B213-EA7015A01D6C}.Release|Any CPU.ActiveCfg = Release|Any CPU
		{C672BE4C-AB8E-468C-B213-EA7015A01D6C}.Release|Any CPU.Build.0 = Release|Any CPU
	EndGlobalSection
	GlobalSection(SolutionProperties) = preSolution
		HideSolutionNode = FALSE
	EndGlobalSection
	GlobalSection(NestedProjects) = preSolution
		{C82FC879-C743-4A49-911A-C144B4AE9958} = {B4083E59-7EBD-4048-B50E-821B5E49775B}
		{5F04BC57-B445-47CF-B76D-BD570CA0B64C} = {B4083E59-7EBD-4048-B50E-821B5E49775B}
		{82508655-80D9-4EE5-B23D-6CCD41BDFB6D} = {B4083E59-7EBD-4048-B50E-821B5E49775B}
		{74D514FD-1D71-4971-A8C5-06A8AE5E6B50} = {1302C8C4-ACE7-454D-B4AE-7E82A805BADC}
		{3F1856A9-CBAC-4677-B64E-168C94A3ADA6} = {1302C8C4-ACE7-454D-B4AE-7E82A805BADC}
		{F7D24452-026A-454D-9E38-A8EA9AE2C47F} = {1302C8C4-ACE7-454D-B4AE-7E82A805BADC}
		{2FDCA04F-30A9-4D92-BE32-9031B65E62BD} = {6674908E-A338-4AD6-8948-43EF6BAB06A9}
		{0322D1A5-77BD-4326-AB61-0E68C40E46F3} = {6674908E-A338-4AD6-8948-43EF6BAB06A9}
		{63671D91-8624-42E6-B860-E14CA809740E} = {6674908E-A338-4AD6-8948-43EF6BAB06A9}
		{D7682414-20CC-4AFA-A01D-8268E1115773} = {97507C72-77B6-4A13-BA90-C25E69ACBE56}
		{BB6C27CF-CF6C-414C-A419-A5D46812984B} = {97507C72-77B6-4A13-BA90-C25E69ACBE56}
		{0C18218E-C185-4A36-A69F-4076E373A044} = {97507C72-77B6-4A13-BA90-C25E69ACBE56}
		{1AFE8FA0-2D51-414D-8F6A-B7B7715A70CF} = {8EA36547-A1C6-412B-9EA2-FC6AD0DCFD5F}
		{99B46CD5-83C0-4DBB-B96E-6E9C4F25D751} = {8EA36547-A1C6-412B-9EA2-FC6AD0DCFD5F}
		{D3D4AD00-E817-4CA2-A2A3-98EDA67031E2} = {8EA36547-A1C6-412B-9EA2-FC6AD0DCFD5F}
		{27BA2980-6100-4D56-BCF5-1CCCE9A63E27} = {1DD2F3C4-83D8-4F58-8329-6C30C6378F3A}
		{9EF07757-C253-4B86-BE54-5447A906D0DD} = {1DD2F3C4-83D8-4F58-8329-6C30C6378F3A}
		{3F60C448-9986-46D8-8BAA-2F325345BC55} = {1DD2F3C4-83D8-4F58-8329-6C30C6378F3A}
		{DD901452-CD4A-4470-A8EA-BCBF307A43EB} = {BA650815-1F8B-476E-8F06-4987188F76E5}
		{79A53ECE-3E15-4060-A4EC-F63FF6262BD8} = {BA650815-1F8B-476E-8F06-4987188F76E5}
		{C672BE4C-AB8E-468C-B213-EA7015A01D6C} = {BA650815-1F8B-476E-8F06-4987188F76E5}
	EndGlobalSection
	GlobalSection(ExtensibilityGlobals) = postSolution
		SolutionGuid = {3D5B149B-4D71-4279-BD14-563E8EC28319}
	EndGlobalSection
EndGlobal
